lockfileVersion: '9.0'

settings:
  autoInstallPeers: true
  excludeLinksFromLockfile: false

importers:

  .:
    devDependencies:
      '@types/node':
        specifier: ^26.1.1
        version: 26.1.1
      tsdown:
        specifier: 0.22.4
        version: 0.22.4(typescript@6.0.3)
      typescript:
        specifier: 6.0.3
        version: 6.0.3

packages:

  '@emnapi/core@1.11.1':
    resolution: {integrity: sha512-RSvbQmHzdKzNsLYa/wHrbc3KN4sYLKAdPZxqiM2HATqv/SBk2/ENSHpvXGaLOMcsAyz0poEGqkmmKYG3OWiJEQ==}

  '@emnapi/runtime@1.11.1':
    resolution: {integrity: sha512-vgj7R3y3Wgx24IQaGPA/R6YFXLHVMOZ0uVEyIQPaWs+rd1AzfEMXlAC22FYwO1XkKR6NPsq7mUandH8oIRdZFw==}

  '@emnapi/wasi-threads@1.2.2':
    resolution: {integrity: sha512-c95qOXkHdydNKhscBTebqEC1CVAZpyqOfVfBzQ1qgzyl3gfeldUjIggDbIZgDKsHLgnsM+igH7TJ/eAasaVuMA==}

  '@napi-rs/wasm-runtime@1.1.6':
    resolution: {integrity: sha512-ZLv/JdUfkvOy9eCnnBaGfiO+XimbjebAeO+MRQqD/B+FR1tnRN0tpKSJHRbE8sFfS6aqsXZ67TQjfwfsxULVbg==}
    peerDependencies:
      '@emnapi/core': ^1.7.1
      '@emnapi/runtime': ^1.7.1

  '@oxc-project/types@0.139.0':
    resolution: {integrity: sha512-r9gHphtCs+1M7J0pw6Sn/hh/Wpa/iQrOOkrNAlVLF/gHq+/CJmHIWKKUUhdWjcD6CIa8idarspCsASiXCXvFUw==}

  '@quansync/fs@1.0.0':
    resolution: {integrity: sha512-4TJ3DFtlf1L5LDMaM6CanJ/0lckGNtJcMjQ1NAV6zDmA0tEHKZtxNKin8EgPaVX1YzljbxckyT2tJrpQKAtngQ==}

  '@rolldown/binding-android-arm64@1.1.5':
    resolution: {integrity: sha512-lZg8fqIv2v7FF237bwMgzGZEJvGL79/s5knJ/i6FmsGF4XXlzccZ4jb+TrFIxtSSxFtIpdsgrPZeMk1I9AFcyQ==}
    engines: {node: ^20.19.0 || >=22.12.0}
    cpu: [arm64]
    os: [android]

  '@rolldown/binding-darwin-arm64@1.1.5':
    resolution: {integrity: sha512-51Bnx9pNiMRKSUNtBfySkNJ9vMU9Hh3I1ozDd6gyPPYzaXCfnptUcEZxXGYFn+ul2dtcMUiqGR1Yai2K10uoTw==}
    engines: {node: ^20.19.0 || >=22.12.0}
    cpu: [arm64]
    os: [darwin]

  '@rolldown/binding-darwin-x64@1.1.5':
    resolution: {integrity: sha512-Tm+gbfC0aHu1tBA/JvKQh32S0K6YgCHkiAF4/W6xX0K0RmNuc94VeK419dJoE65R5aRxmo+noZQSWrAMF6yb6g==}
    engines: {node: ^20.19.0 || >=22.12.0}
    cpu: [x64]
    os: [darwin]

  '@rolldown/binding-freebsd-x64@1.1.5':
    resolution: {integrity: sha512-JMzDKCCXq93YccG5gz3hvOs1oXRKAf0XYpfOS88e+wZrC8Iugj6j68867vrYZkvpDDpKn/KoKORThmchMpF6TA==}
    engines: {node: ^20.19.0 || >=22.12.0}
    cpu: [x64]
    os: [freebsd]

  '@rolldown/binding-linux-arm-gnueabihf@1.1.5':
    resolution: {integrity: sha512-uML21j2K5TfPGutKxub+M+nLjZIrWjXQ5Grx4lCe/nimTj9B4L63zHpjXLl4y0L3mcm2htEQIb06oCG/szerNw==}
    engines: {node: ^20.19.0 || >=22.12.0}
    cpu: [arm]
    os: [linux]

  '@rolldown/binding-linux-arm64-gnu@1.1.5':
    resolution: {integrity: sha512-navSiuTMogvnQoZoM/v+l3ZWo50/NTwSHSzheABx/RCnmUPaKwq9qSo4Br2OYRs21+Fz8uFqITZM3H4opOB0/Q==}
    engines: {node: ^20.19.0 || >=22.12.0}
    cpu: [arm64]
    os: [linux]
    libc: [glibc]

  '@rolldown/binding-linux-arm64-musl@1.1.5':
    resolution: {integrity: sha512-lAryqH7IteztmCXQXk0etKj4wBQ7Gx5S6LjKhsgp9zb8I5bsuvU/2llH1hDQcjsFeqIsovMVN339/8pUDDBXxA==}
    engines: {node: ^20.19.0 || >=22.12.0}
    cpu: [arm64]
    os: [linux]
    libc: [musl]

  '@rolldown/binding-linux-ppc64-gnu@1.1.5':
    resolution: {integrity: sha512-fsK/sNBnxzBlL4O1JNrZakVQxPspqpED5dLtNsZS9oOKmtSpdNIzxH2kkol5HYTWJN47sE20ztMJPxfZ89qGOg==}
    engines: {node: ^20.19.0 || >=22.12.0}
    cpu: [ppc64]
    os: [linux]
    libc: [glibc]

  '@rolldown/binding-linux-s390x-gnu@1.1.5':
    resolution: {integrity: sha512-gLYb4BIadlfTOYT5gO503n8zQjXflgzpD0FcyKh0Mzx3rqCZKnHoJWV9xe1KXUJ5lx2JfcSHr/mhzS0PC/McAA==}
    engines: {node: ^20.19.0 || >=22.12.0}
    cpu: [s390x]
    os: [linux]
    libc: [glibc]

  '@rolldown/binding-linux-x64-gnu@1.1.5':
    resolution: {integrity: sha512-FjcpEKUyJygHgs1o50VYNvkt5+7Le/VEdYt0AkRpkL33MnyQfwr8l5mXwMmfmTbyMPr5vJLC+8/Gd9gXnwU1QQ==}
    engines: {node: ^20.19.0 || >=22.12.0}
    cpu: [x64]
    os: [linux]
    libc: [glibc]

  '@rolldown/binding-linux-x64-musl@1.1.5':
    resolution: {integrity: sha512-Me+PfPI2TMeOQk0gYWfLQZtTktrmzbr8cDboqX83XKc7UrgAi55gF+2dUkWdxd19n55Essp2yeca+O9N5rBxHg==}
    engines: {node: ^20.19.0 || >=22.12.0}
    cpu: [x64]
    os: [linux]
    libc: [musl]

  '@rolldown/binding-openharmony-arm64@1.1.5':
    resolution: {integrity: sha512-yc5WrLzXks6zCQfn9Oxr8pORKyl/pF+QjHmW/Qx3qu0oyrrNC+y2JLTU1E2rcWYAmzlnqngWXHQjy51VzW70Vw==}
    engines: {node: ^20.19.0 || >=22.12.0}
    cpu: [arm64]
    os: [openharmony]

  '@rolldown/binding-wasm32-wasi@1.1.5':
    resolution: {integrity: sha512-VbQGPX2b4r48TAMIM2cjgluIM1HYutm4pcTEJsle7iEP7sB1dFqtPLBVbdLAZCxy1txCcPxf4QFf4v8uvltPqA==}
    engines: {node: ^20.19.0 || >=22.12.0}
    cpu: [wasm32]

  '@rolldown/binding-win32-arm64-msvc@1.1.5':
    resolution: {integrity: sha512-gHv82k63z4qpV5+Q1y/12KrK0ltWBukVDI8nZcbT7Tt/ZlOIVwppazneq0F93oDxTo3IgAMEDIoQh3E2n6mVsw==}
    engines: {node: ^20.19.0 || >=22.12.0}
    cpu: [arm64]
    os: [win32]

  '@rolldown/binding-win32-x64-msvc@1.1.5':
    resolution: {integrity: sha512-tTZuDBPw85tEN5PQi1pnEBzDy0Z49HtScLAbD5t6hyeU92A95pRWaSMw1GZZi/RwgSgUIl0xrSlXIT/9QzvYSA==}
    engines: {node: ^20.19.0 || >=22.12.0}
    cpu: [x64]
    os: [win32]

  '@rolldown/pluginutils@1.0.1':
    resolution: {integrity: sha512-2j9bGt5Jh8hj+vPtgzPtl72j0yRxHAyumoo6TNfAjsLB04UtpSvPbPcDcBMxz7n+9CYB0c1GxQFxYRg2jimqGw==}

  '@tybys/wasm-util@0.10.3':
    resolution: {integrity: sha512-F3fo1MYrRJYL3zER0OUOmkutjr1Vp23m7OsSgp7nq4SP6OqX6C/56XFIPAl5bt3zaBRjmW7SGz3u/6LwFpYcOg==}

  '@types/node@26.1.1':
    resolution: {integrity: sha512-nxAkRSVkN1Y0JC1W8ky/fTfkGsMmcrRsbx+3XoZE+rMOX71kLYTV7fLXpqud1GpbpP5TuffXFqfX7fH2GgZREw==}

  '@yuku-codegen/binding-darwin-arm64@0.6.12':
    resolution: {integrity: sha512-C9rpGA8S8MTze6+EeM9wVu63OXyfzvzhVaBW7gvvS+X36uQc3DZ3qAN5kuXkRVaVN+pJqb+maIKEjnJ0k9lwmw==}
    cpu: [arm64]
    os: [darwin]

  '@yuku-codegen/binding-darwin-x64@0.6.12':
    resolution: {integrity: sha512-YV2jLF2hJtkRjw50szArmyl19DI2s50Y0v+UTb6vADaDTts0kCP/ZJ5bvTX8XuX/5RW7kTERZx/PI+w/9lnAKw==}
    cpu: [x64]
    os: [darwin]

  '@yuku-codegen/binding-freebsd-x64@0.6.12':
    resolution: {integrity: sha512-hNAMOQhYuW9f3wIPwP7anyvr+sBBwtEUSTEOD7BYwcuay9f+wjAYM+UBiL2wiJ/4L/0yV0SNc1fF/N+BWEKqKw==}
    cpu: [x64]
    os: [freebsd]

  '@yuku-codegen/binding-linux-arm-gnu@0.6.12':
    resolution: {integrity: sha512-ClOiLpyofntNGZzQ3BxbwkNe92J911t9C2R3s6HwQ2yH0lRLS88DUey7+xQNu4az96T1PEc+pR9ZIP/GzOCHNg==}
    cpu: [arm]
    os: [linux]
    libc: [glibc]

  '@yuku-codegen/binding-linux-arm-musl@0.6.12':
    resolution: {integrity: sha512-8LnO3kYIEpm13Gj0RDfM2hciPxagTZWJcB6RM6DZBEF+GJYsmOII90F0UulLzn/l2bLY5oVPMPgF0Rn29fY2jw==}
    cpu: [arm]
    os: [linux]
    libc: [musl]

  '@yuku-codegen/binding-linux-arm64-gnu@0.6.12':
    resolution: {integrity: sha512-GdETEflvfkPtdEpzT6QBAucsMAt7wiLYMk4+w1qA34J02OAo11BsTJrxUkPaQ4z/S6KkX3IfK5Ud9rCAyelnCg==}
    cpu: [arm64]
    os: [linux]
    libc: [glibc]

  '@yuku-codegen/binding-linux-arm64-musl@0.6.12':
    resolution: {integrity: sha512-ztFEUChX/sK9B0DH6//g4/QYl4dvTs3BOE+YMVt7pxg9G9fzBcV1vMZdROuXXNGWp6/hU56kTSZ8t4uW/0qpjw==}
    cpu: [arm64]
    os: [linux]
    libc: [musl]

  '@yuku-codegen/binding-linux-x64-gnu@0.6.12':
    resolution: {integrity: sha512-aDZEat8bARks9upxd8Joi7LGatX2B/TwlnXIdbMCGlONK3WAEroihY1SUyGlf02niU1OyBidhlN7l3l+LByMxw==}
    cpu: [x64]
    os: [linux]
    libc: [glibc]

  '@yuku-codegen/binding-linux-x64-musl@0.6.12':
    resolution: {integrity: sha512-IEuUSS04RsAx+d3PpAMAgCmEC0PzAuk5cath2Zk/KGe/te1zwTjZGxbBJM7n+0APaHB+IhUEMgm0bcjIAweEVQ==}
    cpu: [x64]
    os: [linux]
    libc: [musl]

  '@yuku-codegen/binding-win32-arm64@0.6.12':
    resolution: {integrity: sha512-0HHfyj/TbuFN09QFyypZ4+5vqmxeOYmEdFGuDnsq0KJdxnTeH0Fbqh1Bn7ZRV89IRzi8Fm7zSkb3mMJIS8Tk4g==}
    cpu: [arm64]
    os: [win32]

  '@yuku-codegen/binding-win32-x64@0.6.12':
    resolution: {integrity: sha512-ZItYULslPqB9S7b53v23IeUcPCd5NeW+5+BoMyCY5/AEsMADKdznZXd4ELO1TZxv+0oA55g3iAOC9GWgigCsZA==}
    cpu: [x64]
    os: [win32]

  '@yuku-parser/binding-darwin-arm64@0.6.12':
    resolution: {integrity: sha512-8nsmwwzuh2YCmJ3LT26RQp1tvS6FzGC2+XP6wFz6TNaBtQje+QgwkVdKVuECVWNHPFmuSTHonOnSzX0QirHqvQ==}
    cpu: [arm64]
    os: [darwin]

  '@yuku-parser/binding-darwin-x64@0.6.12':
    resolution: {integrity: sha512-URbCSLE/B0jWnB94RpOxak2TM0GvRLUmArtfb/UmxtQfNOLed4LKK0jUv68IMAL9lOmJlvOBH9UwOyeuLEfuvA==}
    cpu: [x64]
    os: [darwin]

  '@yuku-parser/binding-freebsd-x64@0.6.12':
    resolution: {integrity: sha512-VmiuUxe6uUe2c5tmBnIdZ+/LQ++ioKIZcCP/zMB8E7tuUaQesvMEPOS8ZQrUohFY2VlrKroiATaB1l9KJw15Zw==}
    cpu: [x64]
    os: [freebsd]

  '@yuku-parser/binding-linux-arm-gnu@0.6.12':
    resolution: {integrity: sha512-q9WcllopGo8W9qzMz4Aahew3z/rLxiZFpmVoZQaLjwaO9EDW3sULue2zJ9agvVMf1NzRXircauTUrPZ4EZ74cQ==}
    cpu: [arm]
    os: [linux]
    libc: [glibc]

  '@yuku-parser/binding-linux-arm-musl@0.6.12':
    resolution: {integrity: sha512-DcEO5Ywaw4r5keOonqdvuQdKNqN+VipJrdiC+jakOwiy1NLSbseylyufheg6uafviMuGn2to1oWw1FXD6Y4ztQ==}
    cpu: [arm]
    os: [linux]
    libc: [musl]

  '@yuku-parser/binding-linux-arm64-gnu@0.6.12':
    resolution: {integrity: sha512-zUFJar5Y9On9eIAw6kLxCmuAirGUjC3pyLdxrHC1dYueIMzZDrBa0hyzHRC7Nybr6R7COQ2U0oVZuZcl46RboA==}
    cpu: [arm64]
    os: [linux]
    libc: [glibc]

  '@yuku-parser/binding-linux-arm64-musl@0.6.12':
    resolution: {integrity: sha512-nPkXLUBQ0GiU0+BQByTb5M+a9wnCfM0SSBmIHYJ2KtaRUYmOruMut4AyBOVwIE2mbPeiOYcrWpMkseeFJ7Wonw==}
    cpu: [arm64]
    os: [linux]
    libc: [musl]

  '@yuku-parser/binding-linux-x64-gnu@0.6.12':
    resolution: {integrity: sha512-XucJKw1k2nyfQoiBJiQJm1q3n6K8rCDvhQpF4XRoIzTQNhAV2sldEayJvCAsTS4orCHcsDqrDrBVRMRg8ExXPw==}
    cpu: [x64]
    os: [linux]
    libc: [glibc]

  '@yuku-parser/binding-linux-x64-musl@0.6.12':
    resolution: {integrity: sha512-+p17OXn9xf4zePE3EEh1NriHv5GtfBJ8dEeaGVHUQNo5rkzDzcMH3PrMUD00RqWrWci5BfY7jMhMxgUye+NArA==}
    cpu: [x64]
    os: [linux]
    libc: [musl]

  '@yuku-parser/binding-win32-arm64@0.6.12':
    resolution: {integrity: sha512-BF6hLXQzaKj5Rn5r1QrCu6GBqdkjOOb8qpzWoKdG18QVhr/pnMPJpFl9isMg20orlOM+Kl/mU6XfzljgmzbocQ==}
    cpu: [arm64]
    os: [win32]

  '@yuku-parser/binding-win32-x64@0.6.12':
    resolution: {integrity: sha512-Qv4Lwg3pvLJrLg+JlB71Xuz3kIxEg/S402jpoLSlchvUkQKTzO+dii0+97FZfQsN67pqqssenhezg5iLNrdw1w==}
    cpu: [x64]
    os: [win32]

  '@yuku-toolchain/types@0.5.43':
    resolution: {integrity: sha512-kSpvPntnXw5+lYjO71ffBEnQ5ycQ74KGIYknh0TS4xeyCuBkOqxyJumxZkMhLBBUCLjDAbx2+Icnr3Zh4ftjpQ==}

  '@yuku-toolchain/types@0.6.11':
    resolution: {integrity: sha512-i1JYFNJaKNCgyJ/nVoR8GK7wvlXF+ShYzFHBauWcvg8IoiXInK7pVziHcgNz/MWLPNr/Mb/CtmXccrJMkKqSHQ==}

  '@yuku-toolchain/types@0.6.8':
    resolution: {integrity: sha512-AbUd1775RVkOxJkh8hkldIWoU6kRMTCsZFSZq8Ny53q7GkbaVe5UCfleNZ3RWCoz/ZKE8qwfeB7Cj0xqhLWsKA==}

  ansis@4.3.1:
    resolution: {integrity: sha512-BJ8/l4R5LRE7hW9WdSuGYrLSHi2ynxeFpDFbH0K/CgNeY/tyhk+vO6TYxXC5r5CpUhNVX310xzPsN/H9lCdfOA==}
    engines: {node: '>=14'}

  cac@7.0.0:
    resolution: {integrity: sha512-tixWYgm5ZoOD+3g6UTea91eow5z6AAHaho3g0V9CNSNb45gM8SmflpAc+GRd1InC4AqN/07Unrgp56Y94N9hJQ==}
    engines: {node: '>=20.19.0'}

  defu@6.1.7:
    resolution: {integrity: sha512-7z22QmUWiQ/2d0KkdYmANbRUVABpZ9SNYyH5vx6PZ+nE5bcC0l7uFvEfHlyld/HcGBFTL536ClDt3DEcSlEJAQ==}

  dts-resolver@3.0.0:
    resolution: {integrity: sha512-1T1f+z+4tl9XD+m+0HBgWoL/nm0bOIffyWaUuUSBlFg/86IWvfx+wjNaO/ybU0AJzG9/Mi5hBUgGV6zCmWEN7Q==}
    engines: {node: ^22.18.0 || >=24.0.0}
    peerDependencies:
      oxc-resolver: '>=11.0.0'
    peerDependenciesMeta:
      oxc-resolver:
        optional: true

  empathic@2.0.1:
    resolution: {integrity: sha512-YGRs8knHhKHVShLkFET/rWAU8kmHbOV5LwN938RHI0pljAJ1Gf6SzXsSmRaEzcXTtOOmVqJ5+WtQPL5uigY50Q==}
    engines: {node: '>=14'}

  fdir@6.5.0:
    resolution: {integrity: sha512-tIbYtZbucOs0BRGqPJkshJUYdL+SDH7dVM8gjy+ERp3WAUjLEFJE+02kanyHtwjWOnwrKYBiwAmM0p4kLJAnXg==}
    engines: {node: '>=12.0.0'}
    peerDependencies:
      picomatch: ^3 || ^4
    peerDependenciesMeta:
      picomatch:
        optional: true

  get-tsconfig@5.0.0-beta.5:
    resolution: {integrity: sha512-/6gFNr0N04nob252sTQxyFLi3eKFRqIg1I87YcqAMT1i6SQrSF6KujUEQrtrjMV0H/eejTCltLdDSTEMzHbnsQ==}
    engines: {node: '>=20.20.0'}

  hookable@6.1.1:
    resolution: {integrity: sha512-U9LYDy1CwhMCnprUfeAZWZGByVbhd54hwepegYTK7Pi5NvqEj63ifz5z+xukznehT7i6NIZRu89Ay1AZmRsLEQ==}

  import-without-cache@0.4.0:
    resolution: {integrity: sha512-NkJQA7oZ4YHQhd2+H3BoRFKF3d/XNsiKpHZCQEMH9pDX27hQQLsTyOocyRgaIVtf8gHX3Nt3LPkR4e5EdtPAGQ==}
    engines: {node: ^22.18.0 || >=24.0.0}

  obug@2.1.4:
    resolution: {integrity: sha512-4a+OsYv9UktOJKE+l1A4OufDgdRF9PifWj+tJnHURo/P+WOxpG4GzUFL9qCalmWauao6ogiG+QvnCovwPoyAWA==}
    engines: {node: '>=12.20.0'}

  picomatch@4.0.5:
    resolution: {integrity: sha512-RvwwcruNjI1ncT5xRakeyS9Lf8lcItv34KD+aif+VH9kduAyfYBipGh12274xtenIPZ119/R9BdTBa8gAwSh0A==}
    engines: {node: '>=12'}

  quansync@1.0.0:
    resolution: {integrity: sha512-5xZacEEufv3HSTPQuchrvV6soaiACMFnq1H8wkVioctoH3TRha9Sz66lOxRwPK/qZj7HPiSveih9yAyh98gvqA==}

  resolve-pkg-maps@1.0.0:
    resolution: {integrity: sha512-seS2Tj26TBVOC2NIc2rOe2y2ZO7efxITtLZcGSOnHHNOQ7CkiUBfw0Iw2ck6xkIhPwLhKNLS8BO+hEpngQlqzw==}

  rolldown-plugin-dts@0.27.11:
    resolution: {integrity: sha512-DnBl4USSTV/h/sgy//QjCLHVo2JypE/52P5QugGeYaEqZmjBz/FYESOld0MhyIhul2U3Vsh41K63UWGHhJU/qQ==}
    engines: {node: ^22.18.0 || >=24.11.0}
    peerDependencies:
      '@typescript/native-preview': '*'
      '@volar/typescript': ~2.4.0
      rolldown: ^1.0.0
      typescript: ^5.0.0 || ^6.0.0 || ~7.0.0
      vue-tsc: ~3.2.0 || ~3.3.0
    peerDependenciesMeta:
      '@typescript/native-preview':
        optional: true
      '@volar/typescript':
        optional: true
      typescript:
        optional: true
      vue-tsc:
        optional: true

  rolldown@1.1.5:
    resolution: {integrity: sha512-t9z29cJjXf/vxQ8dyhCSpt6H6aSwHTk8cT5I3iy6SMXuFpk5mB6PL6XfC8PCwrPTx93udwKUm9HRteAlTGBLiA==}
    engines: {node: ^20.19.0 || >=22.12.0}
    hasBin: true

  semver@7.8.5:
    resolution: {integrity: sha512-Y7/KDsb8LjooZpwaqGyulO6DQlksgCncchHGk+sZIY4SBvUocMBEFH5Ur1fI4dV+Jvl0w6cjvucaIi40puRioA==}
    engines: {node: '>=10'}
    hasBin: true

  tinyexec@1.2.4:
    resolution: {integrity: sha512-SHf/r48b7vOrjve9PxJo3MN5v5yuyjHvdUcrQffT3WXMUfnGmHDVbC4k3sHJaJTgZCwpUplIaAo5ANtMyp3YHg==}
    engines: {node: '>=18'}

  tinyglobby@0.2.17:
    resolution: {integrity: sha512-wXR/dYpcqKmfWpEdZjiKJOwCNFndD0DMnrW/cYjVGttEkBfVgcLFHoNrlj47mjOVic9yyNu65alsgF4NQyTa2g==}
    engines: {node: '>=12.0.0'}

  tree-kill@1.2.2:
    resolution: {integrity: sha512-L0Orpi8qGpRG//Nd+H90vFB+3iHnue1zSSGmNOOCh1GLJ7rUKVwV2HvijphGQS2UmhUZewS9VgvxYIdgr+fG1A==}
    hasBin: true

  tsdown@0.22.4:
    resolution: {integrity: sha512-3a5FsNL2fH2jw3ozvFUuPMBgS0xXjX9wpZShHyB4klXelVhyaNw5Q5WA9TPCNeoGYpRZEc4OZdMx5wT4Fkma3A==}
    engines: {node: ^22.18.0 || >=24.11.0}
    hasBin: true
    peerDependencies:
      '@arethetypeswrong/core': ^0.18.1
      '@tsdown/css': 0.22.4
      '@tsdown/exe': 0.22.4
      '@vitejs/devtools': '*'
      publint: ^0.3.8
      tsx: '*'
      typescript: ^5.0.0 || ^6.0.0
      unplugin-unused: ^0.5.0
      unrun: '*'
    peerDependenciesMeta:
      '@arethetypeswrong/core':
        optional: true
      '@tsdown/css':
        optional: true
      '@tsdown/exe':
        optional: true
      '@vitejs/devtools':
        optional: true
      publint:
        optional: true
      tsx:
        optional: true
      typescript:
        optional: true
      unplugin-unused:
        optional: true
      unrun:
        optional: true

  tslib@2.8.1:
    resolution: {integrity: sha512-oJFu94HQb+KVduSUQL7wnpmqnfmLsOA/nAh6b6EH0wCEoK0/mPeXU6c3wKDV83MkOuHPRHtSXKKU99IBazS/2w==}

  typescript@6.0.3:
    resolution: {integrity: sha512-y2TvuxSZPDyQakkFRPZHKFm+KKVqIisdg9/CZwm9ftvKXLP8NRWj38/ODjNbr43SsoXqNuAisEf1GdCxqWcdBw==}
    engines: {node: '>=14.17'}
    hasBin: true

  unconfig-core@7.5.0:
    resolution: {integrity: sha512-Su3FauozOGP44ZmKdHy2oE6LPjk51M/TRRjHv2HNCWiDvfvCoxC2lno6jevMA91MYAdCdwP05QnWdWpSbncX/w==}

  undici-types@8.3.0:
    resolution: {integrity: sha512-j375ScV60dom+YkPFIfTLcOiPxkN/buHz5GobjLhixFuANaNs3C9l4GmrWqejgXWJ7BbJcFYpTEUkS1Ge8bpZQ==}

  yuku-ast@0.1.7:
    resolution: {integrity: sha512-2RiMEWv500TixY5rJy6OZd4fSy9WYZKWh6gGbIJ7y7vAGcuCugWOWwOLGaQcRZrXcPUfqtLtvpaJ3SdXtWlhKA==}

  yuku-ast@0.6.11:
    resolution: {integrity: sha512-ZfXkFYVsDewS45+kv3WiA/qNB73CRfxFDEQwfnRMUAR4AD5zRI7PRqxmI2U3Jz/oG41GneTVW6mxDOQal0lgeA==}

  yuku-codegen@0.6.12:
    resolution: {integrity: sha512-5cAJedx9MdKf/ngFpMYH9B1DKaB3FVJOPncl80M+8nNS2rEvrta17N59ryEVIewuHYS81o4XDb4Hg5/5hBdF7A==}

  yuku-parser@0.6.12:
    resolution: {integrity: sha512-A1+KVTvdm1pQmrl/cS5JlqFvUclKpM8I5MvAOoQnYSGmmJBVDKN24HNXiZmxE8Ndsl4g3qBliZBAxq8/J4pKxA==}

snapshots:

  '@emnapi/core@1.11.1':
    dependencies:
      '@emnapi/wasi-threads': 1.2.2
      tslib: 2.8.1
    optional: true

  '@emnapi/runtime@1.11.1':
    dependencies:
      tslib: 2.8.1
    optional: true

  '@emnapi/wasi-threads@1.2.2':
    dependencies:
      tslib: 2.8.1
    optional: true

  '@napi-rs/wasm-runtime@1.1.6(@emnapi/core@1.11.1)(@emnapi/runtime@1.11.1)':
    dependencies:
      '@emnapi/core': 1.11.1
      '@emnapi/runtime': 1.11.1
      '@tybys/wasm-util': 0.10.3
    optional: true

  '@oxc-project/types@0.139.0': {}

  '@quansync/fs@1.0.0':
    dependencies:
      quansync: 1.0.0

  '@rolldown/binding-android-arm64@1.1.5':
    optional: true

  '@rolldown/binding-darwin-arm64@1.1.5':
    optional: true

  '@rolldown/binding-darwin-x64@1.1.5':
    optional: true

  '@rolldown/binding-freebsd-x64@1.1.5':
    optional: true

  '@rolldown/binding-linux-arm-gnueabihf@1.1.5':
    optional: true

  '@rolldown/binding-linux-arm64-gnu@1.1.5':
    optional: true

  '@rolldown/binding-linux-arm64-musl@1.1.5':
    optional: true

  '@rolldown/binding-linux-ppc64-gnu@1.1.5':
    optional: true

  '@rolldown/binding-linux-s390x-gnu@1.1.5':
    optional: true

  '@rolldown/binding-linux-x64-gnu@1.1.5':
    optional: true

  '@rolldown/binding-linux-x64-musl@1.1.5':
    optional: true

  '@rolldown/binding-openharmony-arm64@1.1.5':
    optional: true

  '@rolldown/binding-wasm32-wasi@1.1.5':
    dependencies:
      '@emnapi/core': 1.11.1
      '@emnapi/runtime': 1.11.1
      '@napi-rs/wasm-runtime': 1.1.6(@emnapi/core@1.11.1)(@emnapi/runtime@1.11.1)
    optional: true

  '@rolldown/binding-win32-arm64-msvc@1.1.5':
    optional: true

  '@rolldown/binding-win32-x64-msvc@1.1.5':
    optional: true

  '@rolldown/pluginutils@1.0.1': {}

  '@tybys/wasm-util@0.10.3':
    dependencies:
      tslib: 2.8.1
    optional: true

  '@types/node@26.1.1':
    dependencies:
      undici-types: 8.3.0

  '@yuku-codegen/binding-darwin-arm64@0.6.12':
    optional: true

  '@yuku-codegen/binding-darwin-x64@0.6.12':
    optional: true

  '@yuku-codegen/binding-freebsd-x64@0.6.12':
    optional: true

  '@yuku-codegen/binding-linux-arm-gnu@0.6.12':
    optional: true

  '@yuku-codegen/binding-linux-arm-musl@0.6.12':
    optional: true

  '@yuku-codegen/binding-linux-arm64-gnu@0.6.12':
    optional: true

  '@yuku-codegen/binding-linux-arm64-musl@0.6.12':
    optional: true

  '@yuku-codegen/binding-linux-x64-gnu@0.6.12':
    optional: true

  '@yuku-codegen/binding-linux-x64-musl@0.6.12':
    optional: true

  '@yuku-codegen/binding-win32-arm64@0.6.12':
    optional: true

  '@yuku-codegen/binding-win32-x64@0.6.12':
    optional: true

  '@yuku-parser/binding-darwin-arm64@0.6.12':
    optional: true

  '@yuku-parser/binding-darwin-x64@0.6.12':
    optional: true

  '@yuku-parser/binding-freebsd-x64@0.6.12':
    optional: true

  '@yuku-parser/binding-linux-arm-gnu@0.6.12':
    optional: true

  '@yuku-parser/binding-linux-arm-musl@0.6.12':
    optional: true

  '@yuku-parser/binding-linux-arm64-gnu@0.6.12':
    optional: true

  '@yuku-parser/binding-linux-arm64-musl@0.6.12':
    optional: true

  '@yuku-parser/binding-linux-x64-gnu@0.6.12':
    optional: true

  '@yuku-parser/binding-linux-x64-musl@0.6.12':
    optional: true

  '@yuku-parser/binding-win32-arm64@0.6.12':
    optional: true

  '@yuku-parser/binding-win32-x64@0.6.12':
    optional: true

  '@yuku-toolchain/types@0.5.43': {}

  '@yuku-toolchain/types@0.6.11': {}

  '@yuku-toolchain/types@0.6.8': {}

  ansis@4.3.1: {}

  cac@7.0.0: {}

  defu@6.1.7: {}

  dts-resolver@3.0.0: {}

  empathic@2.0.1: {}

  fdir@6.5.0(picomatch@4.0.5):
    optionalDependencies:
      picomatch: 4.0.5

  get-tsconfig@5.0.0-beta.5:
    dependencies:
      resolve-pkg-maps: 1.0.0

  hookable@6.1.1: {}

  import-without-cache@0.4.0: {}

  obug@2.1.4: {}

  picomatch@4.0.5: {}

  quansync@1.0.0: {}

  resolve-pkg-maps@1.0.0: {}

  rolldown-plugin-dts@0.27.11(rolldown@1.1.5)(typescript@6.0.3):
    dependencies:
      dts-resolver: 3.0.0
      get-tsconfig: 5.0.0-beta.5
      obug: 2.1.4
      rolldown: 1.1.5
      yuku-ast: 0.1.7
      yuku-codegen: 0.6.12
      yuku-parser: 0.6.12
    optionalDependencies:
      typescript: 6.0.3
    transitivePeerDependencies:
      - oxc-resolver

  rolldown@1.1.5:
    dependencies:
      '@oxc-project/types': 0.139.0
      '@rolldown/pluginutils': 1.0.1
    optionalDependencies:
      '@rolldown/binding-android-arm64': 1.1.5
      '@rolldown/binding-darwin-arm64': 1.1.5
      '@rolldown/binding-darwin-x64': 1.1.5
      '@rolldown/binding-freebsd-x64': 1.1.5
      '@rolldown/binding-linux-arm-gnueabihf': 1.1.5
      '@rolldown/binding-linux-arm64-gnu': 1.1.5
      '@rolldown/binding-linux-arm64-musl': 1.1.5
      '@rolldown/binding-linux-ppc64-gnu': 1.1.5
      '@rolldown/binding-linux-s390x-gnu': 1.1.5
      '@rolldown/binding-linux-x64-gnu': 1.1.5
      '@rolldown/binding-linux-x64-musl': 1.1.5
      '@rolldown/binding-openharmony-arm64': 1.1.5
      '@rolldown/binding-wasm32-wasi': 1.1.5
      '@rolldown/binding-win32-arm64-msvc': 1.1.5
      '@rolldown/binding-win32-x64-msvc': 1.1.5

  semver@7.8.5: {}

  tinyexec@1.2.4: {}

  tinyglobby@0.2.17:
    dependencies:
      fdir: 6.5.0(picomatch@4.0.5)
      picomatch: 4.0.5

  tree-kill@1.2.2: {}

  tsdown@0.22.4(typescript@6.0.3):
    dependencies:
      ansis: 4.3.1
      cac: 7.0.0
      defu: 6.1.7
      empathic: 2.0.1
      hookable: 6.1.1
      import-without-cache: 0.4.0
      obug: 2.1.4
      picomatch: 4.0.5
      rolldown: 1.1.5
      rolldown-plugin-dts: 0.27.11(rolldown@1.1.5)(typescript@6.0.3)
      semver: 7.8.5
      tinyexec: 1.2.4
      tinyglobby: 0.2.17
      tree-kill: 1.2.2
      unconfig-core: 7.5.0
    optionalDependencies:
      typescript: 6.0.3
    transitivePeerDependencies:
      - '@typescript/native-preview'
      - '@volar/typescript'
      - oxc-resolver
      - vue-tsc

  tslib@2.8.1:
    optional: true

  typescript@6.0.3: {}

  unconfig-core@7.5.0:
    dependencies:
      '@quansync/fs': 1.0.0
      quansync: 1.0.0

  undici-types@8.3.0: {}

  yuku-ast@0.1.7:
    dependencies:
      '@yuku-toolchain/types': 0.5.43

  yuku-ast@0.6.11:
    dependencies:
      '@yuku-toolchain/types': 0.6.8

  yuku-codegen@0.6.12:
    dependencies:
      '@yuku-toolchain/types': 0.6.11
    optionalDependencies:
      '@yuku-codegen/binding-darwin-arm64': 0.6.12
      '@yuku-codegen/binding-darwin-x64': 0.6.12
      '@yuku-codegen/binding-freebsd-x64': 0.6.12
      '@yuku-codegen/binding-linux-arm-gnu': 0.6.12
      '@yuku-codegen/binding-linux-arm-musl': 0.6.12
      '@yuku-codegen/binding-linux-arm64-gnu': 0.6.12
      '@yuku-codegen/binding-linux-arm64-musl': 0.6.12
      '@yuku-codegen/binding-linux-x64-gnu': 0.6.12
      '@yuku-codegen/binding-linux-x64-musl': 0.6.12
      '@yuku-codegen/binding-win32-arm64': 0.6.12
      '@yuku-codegen/binding-win32-x64': 0.6.12

  yuku-parser@0.6.12:
    dependencies:
      '@yuku-toolchain/types': 0.6.11
      yuku-ast: 0.6.11
    optionalDependencies:
      '@yuku-parser/binding-darwin-arm64': 0.6.12
      '@yuku-parser/binding-darwin-x64': 0.6.12
      '@yuku-parser/binding-freebsd-x64': 0.6.12
      '@yuku-parser/binding-linux-arm-gnu': 0.6.12
      '@yuku-parser/binding-linux-arm-musl': 0.6.12
      '@yuku-parser/binding-linux-arm64-gnu': 0.6.12
      '@yuku-parser/binding-linux-arm64-musl': 0.6.12
      '@yuku-parser/binding-linux-x64-gnu': 0.6.12
      '@yuku-parser/binding-linux-x64-musl': 0.6.12
      '@yuku-parser/binding-win32-arm64': 0.6.12
      '@yuku-parser/binding-win32-x64': 0.6.12
